// !$*UTF8*$!
{
	archiveVersion = 1;
	classes = {
	};
	objectVersion = 46;
	objects = {

/* Begin PBXBuildFile section */
		656A0A111F38A03800C6AFB3 /* AppDelegate.swift in Sources */ = {isa = PBXBuildFile; fileRef = 656A0A101F38A03800C6AFB3 /* AppDelegate.swift */; };
		656A0A131F38A03800C6AFB3 /* ViewController.swift in Sources */ = {isa = PBXBuildFile; fileRef = 656A0A121F38A03800C6AFB3 /* ViewController.swift */; };
		656A0A161F38A03800C6AFB3 /* Main.storyboard in Resources */ = {isa = PBXBuildFile; fileRef = 656A0A141F38A03800C6AFB3 /* Main.storyboard */; };
		656A0A181F38A03800C6AFB3 /* Assets.xcassets in Resources */ = {isa = PBXBuildFile; fileRef = 656A0A171F38A03800C6AFB3 /* Assets.xcassets */; };
		656A0A1B1F38A03800C6AFB3 /* LaunchScreen.storyboard in Resources */ = {isa = PBXBuildFile; fileRef = 656A0A191F38A03800C6AFB3 /* LaunchScreen.storyboard */; };
		656A0A261F38A03800C6AFB3 /* RxFlickrTests.swift in Sources */ = {isa = PBXBuildFile; fileRef = 656A0A251F38A03800C6AFB3 /* RxFlickrTests.swift */; };
		656A0A311F38A03800C6AFB3 /* RxFlickrUITests.swift in Sources */ = {isa = PBXBuildFile; fileRef = 656A0A301F38A03800C6AFB3 /* RxFlickrUITests.swift */; };
		656A0A3F1F38C18300C6AFB3 /* PhotoListViewController.swift in Sources */ = {isa = PBXBuildFile; fileRef = 656A0A3E1F38C18300C6AFB3 /* PhotoListViewController.swift */; };
		656A0A411F38C52100C6AFB3 /* Photo.swift in Sources */ = {isa = PBXBuildFile; fileRef = 656A0A401F38C52100C6AFB3 /* Photo.swift */; };
		65FBFD871F3F12A600608BFB /* PhotoCell.swift in Sources */ = {isa = PBXBuildFile; fileRef = 65FBFD861F3F12A600608BFB /* PhotoCell.swift */; };
		65FBFD891F3F17E900608BFB /* PhotoCell.xib in Resources */ = {isa = PBXBuildFile; fileRef = 65FBFD881F3F17E900608BFB /* PhotoCell.xib */; };
		65FBFD8B1F3F1A9D00608BFB /* DataLoader.swift in Sources */ = {isa = PBXBuildFile; fileRef = 65FBFD8A1F3F1A9D00608BFB /* DataLoader.swift */; };
		65FBFD8D1F3F1CB300608BFB /* FlickrAPI.swift in Sources */ = {isa = PBXBuildFile; fileRef = 65FBFD8C1F3F1CB300608BFB /* FlickrAPI.swift */; };
		72EC740F660FBE474B84F1BA /* Pods_RxFlickr.framework in Frameworks */ = {isa = PBXBuildFile; fileRef = 8E1AC77F659857EDDE5B27FC /* Pods_RxFlickr.framework */; };
		A47AD16847020EFA4C95CA78 /* Pods_RxFlickrTests.framework in Frameworks */ = {isa = PBXBuildFile; fileRef = B9256828AB6E224F94816E34 /* Pods_RxFlickrTests.framework */; };
		AE31BCAC9FCA1B6CCB064D7C /* Pods_RxFlickrUITests.framework in Frameworks */ = {isa = PBXBuildFile; fileRef = D58FE7E0184402B0E5C199C3 /* Pods_RxFlickrUITests.framework */; };
/* End PBXBuildFile section */

/* Begin PBXContainerItemProxy section */
		656A0A221F38A03800C6AFB3 /* PBXContainerItemProxy */ = {
			isa = PBXContainerItemProxy;
			containerPortal = 656A0A051F38A03800C6AFB3 /* Project object */;
			proxyType = 1;
			remoteGlobalIDString = 656A0A0C1F38A03800C6AFB3;
			remoteInfo = RxFlickr;
		};
		656A0A2D1F38A03800C6AFB3 /* PBXContainerItemProxy */ = {
			isa = PBXContainerItemProxy;
			containerPortal = 656A0A051F38A03800C6AFB3 /* Project object */;
			proxyType = 1;
			remoteGlobalIDString = 656A0A0C1F38A03800C6AFB3;
			remoteInfo = RxFlickr;
		};
/* End PBXContainerItemProxy section */

/* Begin PBXFileReference section */
		3133B25DD8D509077465F339 /* Pods-RxFlickrTests.debug.xcconfig */ = {isa = PBXFileReference; includeInIndex = 1; lastKnownFileType = text.xcconfig; name = "Pods-RxFlickrTests.debug.xcconfig"; path = "Pods/Target Support Files/Pods-RxFlickrTests/Pods-RxFlickrTests.debug.xcconfig"; sourceTree = "<group>"; };
		379EFDEEAF13A5B1ABA69A5C /* Pods-RxFlickr.debug.xcconfig */ = {isa = PBXFileReference; includeInIndex = 1; lastKnownFileType = text.xcconfig; name = "Pods-RxFlickr.debug.xcconfig"; path = "Pods/Target Support Files/Pods-RxFlickr/Pods-RxFlickr.debug.xcconfig"; sourceTree = "<group>"; };
		407397E951B63ECF740E6299 /* Pods-RxFlickrTests.release.xcconfig */ = {isa = PBXFileReference; includeInIndex = 1; lastKnownFileType = text.xcconfig; name = "Pods-RxFlickrTests.release.xcconfig"; path = "Pods/Target Support Files/Pods-RxFlickrTests/Pods-RxFlickrTests.release.xcconfig"; sourceTree = "<group>"; };
		656A0A0D1F38A03800C6AFB3 /* RxFlickr.app */ = {isa = PBXFileReference; explicitFileType = wrapper.application; includeInIndex = 0; path = RxFlickr.app; sourceTree = BUILT_PRODUCTS_DIR; };
		656A0A101F38A03800C6AFB3 /* AppDelegate.swift */ = {isa = PBXFileReference; lastKnownFileType = sourcecode.swift; path = AppDelegate.swift; sourceTree = "<group>"; };
		656A0A121F38A03800C6AFB3 /* ViewController.swift */ = {isa = PBXFileReference; lastKnownFileType = sourcecode.swift; path = ViewController.swift; sourceTree = "<group>"; };
		656A0A151F38A03800C6AFB3 /* Base */ = {isa = PBXFileReference; lastKnownFileType = file.storyboard; name = Base; path = Base.lproj/Main.storyboard; sourceTree = "<group>"; };
		656A0A171F38A03800C6AFB3 /* Assets.xcassets */ = {isa = PBXFileReference; lastKnownFileType = folder.assetcatalog; path = Assets.xcassets; sourceTree = "<group>"; };
		656A0A1A1F38A03800C6AFB3 /* Base */ = {isa = PBXFileReference; lastKnownFileType = file.storyboard; name = Base; path = Base.lproj/LaunchScreen.storyboard; sourceTree = "<group>"; };
		656A0A1C1F38A03800C6AFB3 /* Info.plist */ = {isa = PBXFileReference; lastKnownFileType = text.plist.xml; path = Info.plist; sourceTree = "<group>"; };
		656A0A211F38A03800C6AFB3 /* RxFlickrTests.xctest */ = {isa = PBXFileReference; explicitFileType = wrapper.cfbundle; includeInIndex = 0; path = RxFlickrTests.xctest; sourceTree = BUILT_PRODUCTS_DIR; };
		656A0A251F38A03800C6AFB3 /* RxFlickrTests.swift */ = {isa = PBXFileReference; lastKnownFileType = sourcecode.swift; path = RxFlickrTests.swift; sourceTree = "<group>"; };
		656A0A271F38A03800C6AFB3 /* Info.plist */ = {isa = PBXFileReference; lastKnownFileType = text.plist.xml; path = Info.plist; sourceTree = "<group>"; };
		656A0A2C1F38A03800C6AFB3 /* RxFlickrUITests.xctest */ = {isa = PBXFileReference; explicitFileType = wrapper.cfbundle; includeInIndex = 0; path = RxFlickrUITests.xctest; sourceTree = BUILT_PRODUCTS_DIR; };
		656A0A301F38A03800C6AFB3 /* RxFlickrUITests.swift */ = {isa = PBXFileReference; lastKnownFileType = sourcecode.swift; path = RxFlickrUITests.swift; sourceTree = "<group>"; };
		656A0A321F38A03800C6AFB3 /* Info.plist */ = {isa = PBXFileReference; lastKnownFileType = text.plist.xml; path = Info.plist; sourceTree = "<group>"; };
		656A0A3E1F38C18300C6AFB3 /* PhotoListViewController.swift */ = {isa = PBXFileReference; fileEncoding = 4; lastKnownFileType = sourcecode.swift; path = PhotoListViewController.swift; sourceTree = "<group>"; };
		656A0A401F38C52100C6AFB3 /* Photo.swift */ = {isa = PBXFileReference; fileEncoding = 4; lastKnownFileType = sourcecode.swift; path = Photo.swift; sourceTree = "<group>"; };
		65FBFD861F3F12A600608BFB /* PhotoCell.swift */ = {isa = PBXFileReference; fileEncoding = 4; lastKnownFileType = sourcecode.swift; path = PhotoCell.swift; sourceTree = "<group>"; };
		65FBFD881F3F17E900608BFB /* PhotoCell.xib */ = {isa = PBXFileReference; fileEncoding = 4; lastKnownFileType = file.xib; path = PhotoCell.xib; sourceTree = "<group>"; };
		65FBFD8A1F3F1A9D00608BFB /* DataLoader.swift */ = {isa = PBXFileReference; fileEncoding = 4; lastKnownFileType = sourcecode.swift; path = DataLoader.swift; sourceTree = "<group>"; };
		65FBFD8C1F3F1CB300608BFB /* FlickrAPI.swift */ = {isa = PBXFileReference; fileEncoding = 4; lastKnownFileType = sourcecode.swift; path = FlickrAPI.swift; sourceTree = "<group>"; };
		812BD01A733E9434683346BF /* Pods-RxFlickr.release.xcconfig */ = {isa = PBXFileReference; includeInIndex = 1; lastKnownFileType = text.xcconfig; name = "Pods-RxFlickr.release.xcconfig"; path = "Pods/Target Support Files/Pods-RxFlickr/Pods-RxFlickr.release.xcconfig"; sourceTree = "<group>"; };
		8E1AC77F659857EDDE5B27FC /* Pods_RxFlickr.framework */ = {isa = PBXFileReference; explicitFileType = wrapper.framework; includeInIndex = 0; path = Pods_RxFlickr.framework; sourceTree = BUILT_PRODUCTS_DIR; };
		B9256828AB6E224F94816E34 /* Pods_RxFlickrTests.framework */ = {isa = PBXFileReference; explicitFileType = wrapper.framework; includeInIndex = 0; path = Pods_RxFlickrTests.framework; sourceTree = BUILT_PRODUCTS_DIR; };
		D58FE7E0184402B0E5C199C3 /* Pods_RxFlickrUITests.framework */ = {isa = PBXFileReference; explicitFileType = wrapper.framework; includeInIndex = 0; path = Pods_RxFlickrUITests.framework; sourceTree = BUILT_PRODUCTS_DIR; };
		D72223EFEE7701A7BF04DF9C /* Pods-RxFlickrUITests.release.xcconfig */ = {isa = PBXFileReference; includeInIndex = 1; lastKnownFileType = text.xcconfig; name = "Pods-RxFlickrUITests.release.xcconfig"; path = "Pods/Target Support Files/Pods-RxFlickrUITests/Pods-RxFlickrUITests.release.xcconfig"; sourceTree = "<group>"; };
		F06B5BDFDD5CDF28CAAB91D1 /* Pods-RxFlickrUITests.debug.xcconfig */ = {isa = PBXFileReference; includeInIndex = 1; lastKnownFileType = text.xcconfig; name = "Pods-RxFlickrUITests.debug.xcconfig"; path = "Pods/Target Support Files/Pods-RxFlickrUITests/Pods-RxFlickrUITests.debug.xcconfig"; sourceTree = "<group>"; };
/* End PBXFileReference section */

/* Begin PBXFrameworksBuildPhase section */
		656A0A0A1F38A03800C6AFB3 /* Frameworks */ = {
			isa = PBXFrameworksBuildPhase;
			buildActionMask = 2147483647;
			files = (
				72EC740F660FBE474B84F1BA /* Pods_RxFlickr.framework in Frameworks */,
			);
			runOnlyForDeploymentPostprocessing = 0;
		};
		656A0A1E1F38A03800C6AFB3 /* Frameworks */ = {
			isa = PBXFrameworksBuildPhase;
			buildActionMask = 2147483647;
			files = (
				A47AD16847020EFA4C95CA78 /* Pods_RxFlickrTests.framework in Frameworks */,
			);
			runOnlyForDeploymentPostprocessing = 0;
		};
		656A0A291F38A03800C6AFB3 /* Frameworks */ = {
			isa = PBXFrameworksBuildPhase;
			buildActionMask = 2147483647;
			files = (
				AE31BCAC9FCA1B6CCB064D7C /* Pods_RxFlickrUITests.framework in Frameworks */,
			);
			runOnlyForDeploymentPostprocessing = 0;
		};
/* End PBXFrameworksBuildPhase section */

/* Begin PBXGroup section */
		656A0A041F38A03800C6AFB3 = {
			isa = PBXGroup;
			children = (
				656A0A0F1F38A03800C6AFB3 /* RxFlickr */,
				656A0A241F38A03800C6AFB3 /* RxFlickrTests */,
				656A0A2F1F38A03800C6AFB3 /* RxFlickrUITests */,
				656A0A0E1F38A03800C6AFB3 /* Products */,
				AFC2DD96520CC3F0BA37E9F1 /* Pods */,
				EB328F6DD61FD6F441BF2F38 /* Frameworks */,
			);
			sourceTree = "<group>";
		};
		656A0A0E1F38A03800C6AFB3 /* Products */ = {
			isa = PBXGroup;
			children = (
				656A0A0D1F38A03800C6AFB3 /* RxFlickr.app */,
				656A0A211F38A03800C6AFB3 /* RxFlickrTests.xctest */,
				656A0A2C1F38A03800C6AFB3 /* RxFlickrUITests.xctest */,
			);
			name = Products;
			sourceTree = "<group>";
		};
		656A0A0F1F38A03800C6AFB3 /* RxFlickr */ = {
			isa = PBXGroup;
			children = (
				65FBFD8C1F3F1CB300608BFB /* FlickrAPI.swift */,
				656A0A101F38A03800C6AFB3 /* AppDelegate.swift */,
				656A0A401F38C52100C6AFB3 /* Photo.swift */,
				65FBFD861F3F12A600608BFB /* PhotoCell.swift */,
				65FBFD881F3F17E900608BFB /* PhotoCell.xib */,
				656A0A121F38A03800C6AFB3 /* ViewController.swift */,
				65FBFD8A1F3F1A9D00608BFB /* DataLoader.swift */,
				656A0A3E1F38C18300C6AFB3 /* PhotoListViewController.swift */,
				656A0A141F38A03800C6AFB3 /* Main.storyboard */,
				656A0A171F38A03800C6AFB3 /* Assets.xcassets */,
				656A0A191F38A03800C6AFB3 /* LaunchScreen.storyboard */,
				656A0A1C1F38A03800C6AFB3 /* Info.plist */,
			);
			path = RxFlickr;
			sourceTree = "<group>";
		};
		656A0A241F38A03800C6AFB3 /* RxFlickrTests */ = {
			isa = PBXGroup;
			children = (
				656A0A251F38A03800C6AFB3 /* RxFlickrTests.swift */,
				656A0A271F38A03800C6AFB3 /* Info.plist */,
			);
			path = RxFlickrTests;
			sourceTree = "<group>";
		};
		656A0A2F1F38A03800C6AFB3 /* RxFlickrUITests */ = {
			isa = PBXGroup;
			children = (
				656A0A301F38A03800C6AFB3 /* RxFlickrUITests.swift */,
				656A0A321F38A03800C6AFB3 /* Info.plist */,
			);
			path = RxFlickrUITests;
			sourceTree = "<group>";
		};
		AFC2DD96520CC3F0BA37E9F1 /* Pods */ = {
			isa = PBXGroup;
			children = (
				379EFDEEAF13A5B1ABA69A5C /* Pods-RxFlickr.debug.xcconfig */,
				812BD01A733E9434683346BF /* Pods-RxFlickr.release.xcconfig */,
				3133B25DD8D509077465F339 /* Pods-RxFlickrTests.debug.xcconfig */,
				407397E951B63ECF740E6299 /* Pods-RxFlickrTests.release.xcconfig */,
				F06B5BDFDD5CDF28CAAB91D1 /* Pods-RxFlickrUITests.debug.xcconfig */,
				D72223EFEE7701A7BF04DF9C /* Pods-RxFlickrUITests.release.xcconfig */,
			);
			name = Pods;
			sourceTree = "<group>";
		};
		EB328F6DD61FD6F441BF2F38 /* Frameworks */ = {
			isa = PBXGroup;
			children = (
				8E1AC77F659857EDDE5B27FC /* Pods_RxFlickr.framework */,
				B9256828AB6E224F94816E34 /* Pods_RxFlickrTests.framework */,
				D58FE7E0184402B0E5C199C3 /* Pods_RxFlickrUITests.framework */,
			);
			name = Frameworks;
			sourceTree = "<group>";
		};
/* End PBXGroup section */

/* Begin PBXNativeTarget section */
		656A0A0C1F38A03800C6AFB3 /* RxFlickr */ = {
			isa = PBXNativeTarget;
			buildConfigurationList = 656A0A351F38A03800C6AFB3 /* Build configuration list for PBXNativeTarget "RxFlickr" */;
			buildPhases = (
				FB202C3441E35E0D7B37BEE2 /* [CP] Check Pods Manifest.lock */,
				656A0A091F38A03800C6AFB3 /* Sources */,
				656A0A0A1F38A03800C6AFB3 /* Frameworks */,
				656A0A0B1F38A03800C6AFB3 /* Resources */,
				37BCA651A35FE406671CCECF /* [CP] Embed Pods Frameworks */,
				3C7AF8365F7FD7B17F1F6BB2 /* [CP] Copy Pods Resources */,
			);
			buildRules = (
			);
			dependencies = (
			);
			name = RxFlickr;
			productName = RxFlickr;
			productReference = 656A0A0D1F38A03800C6AFB3 /* RxFlickr.app */;
			productType = "com.apple.product-type.application";
		};
		656A0A201F38A03800C6AFB3 /* RxFlickrTests */ = {
			isa = PBXNativeTarget;
			buildConfigurationList = 656A0A381F38A03800C6AFB3 /* Build configuration list for PBXNativeTarget "RxFlickrTests" */;
			buildPhases = (
				C43232A5C6AF331654714251 /* [CP] Check Pods Manifest.lock */,
				656A0A1D1F38A03800C6AFB3 /* Sources */,
				656A0A1E1F38A03800C6AFB3 /* Frameworks */,
				656A0A1F1F38A03800C6AFB3 /* Resources */,
				6D70E699C1EF9FAC87F357D4 /* [CP] Embed Pods Frameworks */,
				F767892382657F68B7810281 /* [CP] Copy Pods Resources */,
			);
			buildRules = (
			);
			dependencies = (
				656A0A231F38A03800C6AFB3 /* PBXTargetDependency */,
			);
			name = RxFlickrTests;
			productName = RxFlickrTests;
			productReference = 656A0A211F38A03800C6AFB3 /* RxFlickrTests.xctest */;
			productType = "com.apple.product-type.bundle.unit-test";
		};
		656A0A2B1F38A03800C6AFB3 /* RxFlickrUITests */ = {
			isa = PBXNativeTarget;
			buildConfigurationList = 656A0A3B1F38A03800C6AFB3 /* Build configuration list for PBXNativeTarget "RxFlickrUITests" */;
			buildPhases = (
				6F5B4B1010EBA55748790837 /* [CP] Check Pods Manifest.lock */,
				656A0A281F38A03800C6AFB3 /* Sources */,
				656A0A291F38A03800C6AFB3 /* Frameworks */,
				656A0A2A1F38A03800C6AFB3 /* Resources */,
				80506212CC22A6216D3C2ACA /* [CP] Embed Pods Frameworks */,
				631F56CFBB9099E43D9D813E /* [CP] Copy Pods Resources */,
			);
			buildRules = (
			);
			dependencies = (
				656A0A2E1F38A03800C6AFB3 /* PBXTargetDependency */,
			);
			name = RxFlickrUITests;
			productName = RxFlickrUITests;
			productReference = 656A0A2C1F38A03800C6AFB3 /* RxFlickrUITests.xctest */;
			productType = "com.apple.product-type.bundle.ui-testing";
		};
/* End PBXNativeTarget section */

/* Begin PBXProject section */
		656A0A051F38A03800C6AFB3 /* Project object */ = {
			isa = PBXProject;
			attributes = {
				LastSwiftUpdateCheck = 0830;
				LastUpgradeCheck = 0830;
				ORGANIZATIONNAME = "Yury Bandarchuk";
				TargetAttributes = {
					656A0A0C1F38A03800C6AFB3 = {
						CreatedOnToolsVersion = 8.3.3;
						ProvisioningStyle = Automatic;
					};
					656A0A201F38A03800C6AFB3 = {
						CreatedOnToolsVersion = 8.3.3;
						ProvisioningStyle = Automatic;
						TestTargetID = 656A0A0C1F38A03800C6AFB3;
					};
					656A0A2B1F38A03800C6AFB3 = {
						CreatedOnToolsVersion = 8.3.3;
						ProvisioningStyle = Automatic;
						TestTargetID = 656A0A0C1F38A03800C6AFB3;
					};
				};
			};
			buildConfigurationList = 656A0A081F38A03800C6AFB3 /* Build configuration list for PBXProject "RxFlickr" */;
			compatibilityVersion = "Xcode 3.2";
			developmentRegion = English;
			hasScannedForEncodings = 0;
			knownRegions = (
				en,
				Base,
			);
			mainGroup = 656A0A041F38A03800C6AFB3;
			productRefGroup = 656A0A0E1F38A03800C6AFB3 /* Products */;
			projectDirPath = "";
			projectRoot = "";
			targets = (
				656A0A0C1F38A03800C6AFB3 /* RxFlickr */,
				656A0A201F38A03800C6AFB3 /* RxFlickrTests */,
				656A0A2B1F38A03800C6AFB3 /* RxFlickrUITests */,
			);
		};
/* End PBXProject section */

/* Begin PBXResourcesBuildPhase section */
		656A0A0B1F38A03800C6AFB3 /* Resources */ = {
			isa = PBXResourcesBuildPhase;
			buildActionMask = 2147483647;
			files = (
				65FBFD891F3F17E900608BFB /* PhotoCell.xib in Resources */,
				656A0A1B1F38A03800C6AFB3 /* LaunchScreen.storyboard in Resources */,
				656A0A181F38A03800C6AFB3 /* Assets.xcassets in Resources */,
				656A0A161F38A03800C6AFB3 /* Main.storyboard in Resources */,
			);
			runOnlyForDeploymentPostprocessing = 0;
		};
		656A0A1F1F38A03800C6AFB3 /* Resources */ = {
			isa = PBXResourcesBuildPhase;
			buildActionMask = 2147483647;
			files = (
			);
			runOnlyForDeploymentPostprocessing = 0;
		};
		656A0A2A1F38A03800C6AFB3 /* Resources */ = {
			isa = PBXResourcesBuildPhase;
			buildActionMask = 2147483647;
			files = (
			);
			runOnlyForDeploymentPostprocessing = 0;
		};
/* End PBXResourcesBuildPhase section */

/* Begin PBXShellScriptBuildPhase section */
		37BCA651A35FE406671CCECF /* [CP] Embed Pods Frameworks */ = {
			isa = PBXShellScriptBuildPhase;
			buildActionMask = 2147483647;
			files = (
			);
			inputPaths = (
			);
			name = "[CP] Embed Pods Frameworks";
			outputPaths = (
			);
			runOnlyForDeploymentPostprocessing = 0;
			shellPath = /bin/sh;
			shellScript = "\"${SRCROOT}/Pods/Target Support Files/Pods-RxFlickr/Pods-RxFlickr-frameworks.sh\"\n";
			showEnvVarsInLog = 0;
		};
		3C7AF8365F7FD7B17F1F6BB2 /* [CP] Copy Pods Resources */ = {
			isa = PBXShellScriptBuildPhase;
			buildActionMask = 2147483647;
			files = (
			);
			inputPaths = (
			);
			name = "[CP] Copy Pods Resources";
			outputPaths = (
			);
			runOnlyForDeploymentPostprocessing = 0;
			shellPath = /bin/sh;
			shellScript = "\"${SRCROOT}/Pods/Target Support Files/Pods-RxFlickr/Pods-RxFlickr-resources.sh\"\n";
			showEnvVarsInLog = 0;
		};
		631F56CFBB9099E43D9D813E /* [CP] Copy Pods Resources */ = {
			isa = PBXShellScriptBuildPhase;
			buildActionMask = 2147483647;
			files = (
			);
			inputPaths = (
			);
			name = "[CP] Copy Pods Resources";
			outputPaths = (
			);
			runOnlyForDeploymentPostprocessing = 0;
			shellPath = /bin/sh;
			shellScript = "\"${SRCROOT}/Pods/Target Support Files/Pods-RxFlickrUITests/Pods-RxFlickrUITests-resources.sh\"\n";
			showEnvVarsInLog = 0;
		};
		6D70E699C1EF9FAC87F357D4 /* [CP] Embed Pods Frameworks */ = {
			isa = PBXShellScriptBuildPhase;
			buildActionMask = 2147483647;
			files = (
			);
			inputPaths = (
			);
			name = "[CP] Embed Pods Frameworks";
			outputPaths = (
			);
			runOnlyForDeploymentPostprocessing = 0;
			shellPath = /bin/sh;
			shellScript = "\"${SRCROOT}/Pods/Target Support Files/Pods-RxFlickrTests/Pods-RxFlickrTests-frameworks.sh\"\n";
			showEnvVarsInLog = 0;
		};
		6F5B4B1010EBA55748790837 /* [CP] Check Pods Manifest.lock */ = {
			isa = PBXShellScriptBuildPhase;
			buildActionMask = 2147483647;
			files = (
			);
			inputPaths = (
			);
			name = "[CP] Check Pods Manifest.lock";
			outputPaths = (
			);
			runOnlyForDeploymentPostprocessing = 0;
			shellPath = /bin/sh;
			shellScript = "diff \"${PODS_PODFILE_DIR_PATH}/Podfile.lock\" \"${PODS_ROOT}/Manifest.lock\" > /dev/null\nif [ $? != 0 ] ; then\n    # print error to STDERR\n    echo \"error: The sandbox is not in sync with the Podfile.lock. Run 'pod install' or update your CocoaPods installation.\" >&2\n    exit 1\nfi\n";
			showEnvVarsInLog = 0;
		};
		80506212CC22A6216D3C2ACA /* [CP] Embed Pods Frameworks */ = {
			isa = PBXShellScriptBuildPhase;
			buildActionMask = 2147483647;
			files = (
			);
			inputPaths = (
			);
			name = "[CP] Embed Pods Frameworks";
			outputPaths = (
			);
			runOnlyForDeploymentPostprocessing = 0;
			shellPath = /bin/sh;
			shellScript = "\"${SRCROOT}/Pods/Target Support Files/Pods-RxFlickrUITests/Pods-RxFlickrUITests-frameworks.sh\"\n";
			showEnvVarsInLog = 0;
		};
		C43232A5C6AF331654714251 /* [CP] Check Pods Manifest.lock */ = {
			isa = PBXShellScriptBuildPhase;
			buildActionMask = 2147483647;
			files = (
			);
			inputPaths = (
			);
			name = "[CP] Check Pods Manifest.lock";
			outputPaths = (
			);
			runOnlyForDeploymentPostprocessing = 0;
			shellPath = /bin/sh;
			shellScript = "diff \"${PODS_PODFILE_DIR_PATH}/Podfile.lock\" \"${PODS_ROOT}/Manifest.lock\" > /dev/null\nif [ $? != 0 ] ; then\n    # print error to STDERR\n    echo \"error: The sandbox is not in sync with the Podfile.lock. Run 'pod install' or update your CocoaPods installation.\" >&2\n    exit 1\nfi\n";
			showEnvVarsInLog = 0;
		};
		F767892382657F68B7810281 /* [CP] Copy Pods Resources */ = {
			isa = PBXShellScriptBuildPhase;
			buildActionMask = 2147483647;
			files = (
			);
			inputPaths = (
			);
			name = "[CP] Copy Pods Resources";
			outputPaths = (
			);
			runOnlyForDeploymentPostprocessing = 0;
			shellPath = /bin/sh;
			shellScript = "\"${SRCROOT}/Pods/Target Support Files/Pods-RxFlickrTests/Pods-RxFlickrTests-resources.sh\"\n";
			showEnvVarsInLog = 0;
		};
		FB202C3441E35E0D7B37BEE2 /* [CP] Check Pods Manifest.lock */ = {
			isa = PBXShellScriptBuildPhase;
			buildActionMask = 2147483647;
			files = (
			);
			inputPaths = (
			);
			name = "[CP] Check Pods Manifest.lock";
			outputPaths = (
			);
			runOnlyForDeploymentPostprocessing = 0;
			shellPath = /bin/sh;
			shellScript = "diff \"${PODS_PODFILE_DIR_PATH}/Podfile.lock\" \"${PODS_ROOT}/Manifest.lock\" > /dev/null\nif [ $? != 0 ] ; then\n    # print error to STDERR\n    echo \"error: The sandbox is not in sync with the Podfile.lock. Run 'pod install' or update your CocoaPods installation.\" >&2\n    exit 1\nfi\n";
			showEnvVarsInLog = 0;
		};
/* End PBXShellScriptBuildPhase section */

/* Begin PBXSourcesBuildPhase section */
		656A0A091F38A03800C6AFB3 /* Sources */ = {
			isa = PBXSourcesBuildPhase;
			buildActionMask = 2147483647;
			files = (
				656A0A411F38C52100C6AFB3 /* Photo.swift in Sources */,
				65FBFD8D1F3F1CB300608BFB /* FlickrAPI.swift in Sources */,
				65FBFD871F3F12A600608BFB /* PhotoCell.swift in Sources */,
				65FBFD8B1F3F1A9D00608BFB /* DataLoader.swift in Sources */,
				656A0A131F38A03800C6AFB3 /* ViewController.swift in Sources */,
				656A0A111F38A03800C6AFB3 /* AppDelegate.swift in Sources */,
				656A0A3F1F38C18300C6AFB3 /* PhotoListViewController.swift in Sources */,
			);
			runOnlyForDeploymentPostprocessing = 0;
		};
		656A0A1D1F38A03800C6AFB3 /* Sources */ = {
			isa = PBXSourcesBuildPhase;
			buildActionMask = 2147483647;
			files = (
				656A0A261F38A03800C6AFB3 /* RxFlickrTests.swift in Sources */,
			);
			runOnlyForDeploymentPostprocessing = 0;
		};
		656A0A281F38A03800C6AFB3 /* Sources */ = {
			isa = PBXSourcesBuildPhase;
			buildActionMask = 2147483647;
			files = (
				656A0A311F38A03800C6AFB3 /* RxFlickrUITests.swift in Sources */,
			);
			runOnlyForDeploymentPostprocessing = 0;
		};
/* End PBXSourcesBuildPhase section */

/* Begin PBXTargetDependency section */
		656A0A231F38A03800C6AFB3 /* PBXTargetDependency */ = {
			isa = PBXTargetDependency;
			target = 656A0A0C1F38A03800C6AFB3 /* RxFlickr */;
			targetProxy = 656A0A221F38A03800C6AFB3 /* PBXContainerItemProxy */;
		};
		656A0A2E1F38A03800C6AFB3 /* PBXTargetDependency */ = {
			isa = PBXTargetDependency;
			target = 656A0A0C1F38A03800C6AFB3 /* RxFlickr */;
			targetProxy = 656A0A2D1F38A03800C6AFB3 /* PBXContainerItemProxy */;
		};
/* End PBXTargetDependency section */

/* Begin PBXVariantGroup section */
		656A0A141F38A03800C6AFB3 /* Main.storyboard */ = {
			isa = PBXVariantGroup;
			children = (
				656A0A151F38A03800C6AFB3 /* Base */,
			);
			name = Main.storyboard;
			sourceTree = "<group>";
		};
		656A0A191F38A03800C6AFB3 /* LaunchScreen.storyboard */ = {
			isa = PBXVariantGroup;
			children = (
				656A0A1A1F38A03800C6AFB3 /* Base */,
			);
			name = LaunchScreen.storyboard;
			sourceTree = "<group>";
		};
/* End PBXVariantGroup section */

/* Begin XCBuildConfiguration section */
		656A0A331F38A03800C6AFB3 /* Debug */ = {
			isa = XCBuildConfiguration;
			buildSettings = {
				ALWAYS_SEARCH_USER_PATHS = NO;
				CLANG_ANALYZER_NONNULL = YES;
				CLANG_ANALYZER_NUMBER_OBJECT_CONVERSION = YES_AGGRESSIVE;
				CLANG_CXX_LANGUAGE_STANDARD = "gnu++0x";
				CLANG_CXX_LIBRARY = "libc++";
				CLANG_ENABLE_MODULES = YES;
				CLANG_ENABLE_OBJC_ARC = YES;
				CLANG_WARN_BOOL_CONVERSION = YES;
				CLANG_WARN_CONSTANT_CONVERSION = YES;
				CLANG_WARN_DIRECT_OBJC_ISA_USAGE = YES_ERROR;
				CLANG_WARN_DOCUMENTATION_COMMENTS = YES;
				CLANG_WARN_EMPTY_BODY = YES;
				CLANG_WARN_ENUM_CONVERSION = YES;
				CLANG_WARN_INFINITE_RECURSION = YES;
				CLANG_WARN_INT_CONVERSION = YES;
				CLANG_WARN_OBJC_ROOT_CLASS = YES_ERROR;
				CLANG_WARN_SUSPICIOUS_MOVE = YES;
				CLANG_WARN_UNREACHABLE_CODE = YES;
				CLANG_WARN__DUPLICATE_METHOD_MATCH = YES;
				"CODE_SIGN_IDENTITY[sdk=iphoneos*]" = "iPhone Developer";
				COPY_PHASE_STRIP = NO;
				DEBUG_INFORMATION_FORMAT = dwarf;
				ENABLE_STRICT_OBJC_MSGSEND = YES;
				ENABLE_TESTABILITY = YES;
				GCC_C_LANGUAGE_STANDARD = gnu99;
				GCC_DYNAMIC_NO_PIC = NO;
				GCC_NO_COMMON_BLOCKS = YES;
				GCC_OPTIMIZATION_LEVEL = 0;
				GCC_PREPROCESSOR_DEFINITIONS = (
					"DEBUG=1",
					"$(inherited)",
				);
				GCC_WARN_64_TO_32_BIT_CONVERSION = YES;
				GCC_WARN_ABOUT_RETURN_TYPE = YES_ERROR;
				GCC_WARN_UNDECLARED_SELECTOR = YES;
				GCC_WARN_UNINITIALIZED_AUTOS = YES_AGGRESSIVE;
				GCC_WARN_UNUSED_FUNCTION = YES;
				GCC_WARN_UNUSED_VARIABLE = YES;
				IPHONEOS_DEPLOYMENT_TARGET = 10.3;
				MTL_ENABLE_DEBUG_INFO = YES;
				ONLY_ACTIVE_ARCH = YES;
				SDKROOT = iphoneos;
				SWIFT_ACTIVE_COMPILATION_CONDITIONS = DEBUG;
				SWIFT_OPTIMIZATION_LEVEL = "-Onone";
			};
			name = Debug;
		};
		656A0A341F38A03800C6AFB3 /* Release */ = {
			isa = XCBuildConfiguration;
			buildSettings = {
				ALWAYS_SEARCH_USER_PATHS = NO;
				CLANG_ANALYZER_NONNULL = YES;
				CLANG_ANALYZER_NUMBER_OBJECT_CONVERSION = YES_AGGRESSIVE;
				CLANG_CXX_LANGUAGE_STANDARD = "gnu++0x";
				CLANG_CXX_LIBRARY = "libc++";
				CLANG_ENABLE_MODULES = YES;
				CLANG_ENABLE_OBJC_ARC = YES;
				CLANG_WARN_BOOL_CONVERSION = YES;
				CLANG_WARN_CONSTANT_CONVERSION = YES;
				CLANG_WARN_DIRECT_OBJC_ISA_USAGE = YES_ERROR;
				CLANG_WARN_DOCUMENTATION_COMMENTS = YES;
				CLANG_WARN_EMPTY_BODY = YES;
				CLANG_WARN_ENUM_CONVERSION = YES;
				CLANG_WARN_INFINITE_RECURSION = YES;
				CLANG_WARN_INT_CONVERSION = YES;
				CLANG_WARN_OBJC_ROOT_CLASS = YES_ERROR;
				CLANG_WARN_SUSPICIOUS_MOVE = YES;
				CLANG_WARN_UNREACHABLE_CODE = YES;
				CLANG_WARN__DUPLICATE_METHOD_MATCH = YES;
				"CODE_SIGN_IDENTITY[sdk=iphoneos*]" = "iPhone Developer";
				COPY_PHASE_STRIP = NO;
				DEBUG_INFORMATION_FORMAT = "dwarf-with-dsym";
				ENABLE_NS_ASSERTIONS = NO;
				ENABLE_STRICT_OBJC_MSGSEND = YES;
				GCC_C_LANGUAGE_STANDARD = gnu99;
				GCC_NO_COMMON_BLOCKS = YES;
				GCC_WARN_64_TO_32_BIT_CONVERSION = YES;
				GCC_WARN_ABOUT_RETURN_TYPE = YES_ERROR;
				GCC_WARN_UNDECLARED_SELECTOR = YES;
				GCC_WARN_UNINITIALIZED_AUTOS = YES_AGGRESSIVE;
				GCC_WARN_UNUSED_FUNCTION = YES;
				GCC_WARN_UNUSED_VARIABLE = YES;
				IPHONEOS_DEPLOYMENT_TARGET = 10.3;
				MTL_ENABLE_DEBUG_INFO = NO;
				SDKROOT = iphoneos;
				SWIFT_OPTIMIZATION_LEVEL = "-Owholemodule";
				VALIDATE_PRODUCT = YES;
			};
			name = Release;
		};
		656A0A361F38A03800C6AFB3 /* Debug */ = {
			isa = XCBuildConfiguration;
			baseConfigurationReference = 379EFDEEAF13A5B1ABA69A5C /* Pods-RxFlickr.debug.xcconfig */;
			buildSettings = {
				ASSETCATALOG_COMPILER_APPICON_NAME = AppIcon;
				INFOPLIST_FILE = RxFlickr/Info.plist;
				LD_RUNPATH_SEARCH_PATHS = "$(inherited) @executable_path/Frameworks";
				PRODUCT_BUNDLE_IDENTIFIER = com.yury.bandarchuk.RxFlickr;
				PRODUCT_NAME = "$(TARGET_NAME)";
				SWIFT_VERSION = 3.0;
			};
			name = Debug;
		};
		656A0A371F38A03800C6AFB3 /* Release */ = {
			isa = XCBuildConfiguration;
			baseConfigurationReference = 812BD01A733E9434683346BF /* Pods-RxFlickr.release.xcconfig */;
			buildSettings = {
				ASSETCATALOG_COMPILER_APPICON_NAME = AppIcon;
				INFOPLIST_FILE = RxFlickr/Info.plist;
				LD_RUNPATH_SEARCH_PATHS = "$(inherited) @executable_path/Frameworks";
				PRODUCT_BUNDLE_IDENTIFIER = com.yury.bandarchuk.RxFlickr;
				PRODUCT_NAME = "$(TARGET_NAME)";
				SWIFT_VERSION = 3.0;
			};
			name = Release;
		};
		656A0A391F38A03800C6AFB3 /* Debug */ = {
			isa = XCBuildConfiguration;
			baseConfigurationReference = 3133B25DD8D509077465F339 /* Pods-RxFlickrTests.debug.xcconfig */;
			buildSettings = {
				ALWAYS_EMBED_SWIFT_STANDARD_LIBRARIES = YES;
				BUNDLE_LOADER = "$(TEST_HOST)";
				INFOPLIST_FILE = RxFlickrTests/Info.plist;
				LD_RUNPATH_SEARCH_PATHS = "$(inherited) @executable_path/Frameworks @loader_path/Frameworks";
				PRODUCT_BUNDLE_IDENTIFIER = com.yury.bandarchuk.RxFlickrTests;
				PRODUCT_NAME = "$(TARGET_NAME)";
				SWIFT_VERSION = 3.0;
				TEST_HOST = "$(BUILT_PRODUCTS_DIR)/RxFlickr.app/RxFlickr";
			};
			name = Debug;
		};
		656A0A3A1F38A03800C6AFB3 /* Release */ = {
			isa = XCBuildConfiguration;
			baseConfigurationReference = 407397E951B63ECF740E6299 /* Pods-RxFlickrTests.release.xcconfig */;
			buildSettings = {
				ALWAYS_EMBED_SWIFT_STANDARD_LIBRARIES = YES;
				BUNDLE_LOADER = "$(TEST_HOST)";
				INFOPLIST_FILE = RxFlickrTests/Info.plist;
				LD_RUNPATH_SEARCH_PATHS = "$(inherited) @executable_path/Frameworks @loader_path/Frameworks";
				PRODUCT_BUNDLE_IDENTIFIER = com.yury.bandarchuk.RxFlickrTests;
				PRODUCT_NAME = "$(TARGET_NAME)";
				SWIFT_VERSION = 3.0;
				TEST_HOST = "$(BUILT_PRODUCTS_DIR)/RxFlickr.app/RxFlickr";
			};
			name = Release;
		};
		656A0A3C1F38A03800C6AFB3 /* Debug */ = {
			isa = XCBuildConfiguration;
			baseConfigurationReference = F06B5BDFDD5CDF28CAAB91D1 /* Pods-RxFlickrUITests.debug.xcconfig */;
			buildSettings = {
				ALWAYS_EMBED_SWIFT_STANDARD_LIBRARIES = YES;
				INFOPLIST_FILE = RxFlickrUITests/Info.plist;
				LD_RUNPATH_SEARCH_PATHS = "$(inherited) @executable_path/Frameworks @loader_path/Frameworks";
				PRODUCT_BUNDLE_IDENTIFIER = com.yury.bandarchuk.RxFlickrUITests;
				PRODUCT_NAME = "$(TARGET_NAME)";
				SWIFT_VERSION = 3.0;
				TEST_TARGET_NAME = RxFlickr;
			};
			name = Debug;
		};
		656A0A3D1F38A03800C6AFB3 /* Release */ = {
			isa = XCBuildConfiguration;
			baseConfigurationReference = D72223EFEE7701A7BF04DF9C /* Pods-RxFlickrUITests.release.xcconfig */;
			buildSettings = {
				ALWAYS_EMBED_SWIFT_STANDARD_LIBRARIES = YES;
				INFOPLIST_FILE = RxFlickrUITests/Info.plist;
				LD_RUNPATH_SEARCH_PATHS = "$(inherited) @executable_path/Frameworks @loader_path/Frameworks";
				PRODUCT_BUNDLE_IDENTIFIER = com.yury.bandarchuk.RxFlickrUITests;
				PRODUCT_NAME = "$(TARGET_NAME)";
				SWIFT_VERSION = 3.0;
				TEST_TARGET_NAME = RxFlickr;
			};
			name = Release;
		};
/* End XCBuildConfiguration section */

/* Begin XCConfigurationList section */
		656A0A081F38A03800C6AFB3 /* Build configuration list for PBXProject "RxFlickr" */ = {
			isa = XCConfigurationList;
			buildConfigurations = (
				656A0A331F38A03800C6AFB3 /* Debug */,
				656A0A341F38A03800C6AFB3 /* Release */,
			);
			defaultConfigurationIsVisible = 0;
			defaultConfigurationName = Release;
		};
		656A0A351F38A03800C6AFB3 /* Build configuration list for PBXNativeTarget "RxFlickr" */ = {
			isa = XCConfigurationList;
			buildConfigurations = (
				656A0A361F38A03800C6AFB3 /* Debug */,
				656A0A371F38A03800C6AFB3 /* Release */,
			);
			defaultConfigurationIsVisible = 0;
			defaultConfigurationName = Release;
		};
		656A0A381F38A03800C6AFB3 /* Build configuration list for PBXNativeTarget "RxFlickrTests" */ = {
			isa = XCConfigurationList;
			buildConfigurations = (
				656A0A391F38A03800C6AFB3 /* Debug */,
				656A0A3A1F38A03800C6AFB3 /* Release */,
			);
			defaultConfigurationIsVisible = 0;
			defaultConfigurationName = Release;
		};
		656A0A3B1F38A03800C6AFB3 /* Build configuration list for PBXNativeTarget "RxFlickrUITests" */ = {
			isa = XCConfigurationList;
			buildConfigurations = (
				656A0A3C1F38A03800C6AFB3 /* Debug */,
				656A0A3D1F38A03800C6AFB3 /* Release */,
			);
			defaultConfigurationIsVisible = 0;
			defaultConfigurationName = Release;
		};
/* End XCConfigurationList section */
	};
	rootObject = 656A0A051F38A03800C6AFB3 /* Project object */;
}
